
Microsoft Visual Studio Solution File, Format Version 12.00
Project("{FAE04EC0-301F-11D3-BF4B-00C04F79EFBC}") = "Teste-Xbits", "Teste-Xbits\Teste-Xbits.csproj", "{A5EEA5AF-C347-4043-AEE2-9BB72C07619E}"
EndProject
Project("{2150E333-8FDC-42A3-9474-1A3956D46DE8}") = "test", "test", "{CD65E23B-5C15-4542-BE58-3BB91F724F14}"
EndProject
Project("{2150E333-8FDC-42A3-9474-1A3956D46DE8}") = "src", "src", "{7252EED8-F85E-48E5-A214-99C9A6EDD8A5}"
EndProject
Project("{FAE04EC0-301F-11D3-BF4B-00C04F79EFBC}") = "Teste-Xbits.API", "Teste-Xbits.API\Teste-Xbits.API.csproj", "{DFD19125-80BF-4986-B79C-07797174ECBF}"
	ProjectSection(ProjectDependencies) = postProject
		{87B2E60F-F299-4A22-B5CD-DB92C464D72C} = {87B2E60F-F299-4A22-B5CD-DB92C464D72C}
		{B2E10F9A-4B6E-4EC7-B465-F6C74E63147B} = {B2E10F9A-4B6E-4EC7-B465-F6C74E63147B}
		{6532A12B-700C-4153-94B3-54698CCBF102} = {6532A12B-700C-4153-94B3-54698CCBF102}
	EndProjectSection
EndProject
Project("{FAE04EC0-301F-11D3-BF4B-00C04F79EFBC}") = "Teste-Xbits.ApplicationService", "Teste-Xbits.ApplicationService\Teste-Xbits.ApplicationService.csproj", "{87B2E60F-F299-4A22-B5CD-DB92C464D72C}"
	ProjectSection(ProjectDependencies) = postProject
		{B2E10F9A-4B6E-4EC7-B465-F6C74E63147B} = {B2E10F9A-4B6E-4EC7-B465-F6C74E63147B}
		{6532A12B-700C-4153-94B3-54698CCBF102} = {6532A12B-700C-4153-94B3-54698CCBF102}
	EndProjectSection
EndProject
Project("{FAE04EC0-301F-11D3-BF4B-00C04F79EFBC}") = "Teste-Xbits.Domain", "Teste-Xbits.Domain\Teste-Xbits.Domain.csproj", "{B2E10F9A-4B6E-4EC7-B465-F6C74E63147B}"
EndProject
Project("{FAE04EC0-301F-11D3-BF4B-00C04F79EFBC}") = "Teste-Xbits.Infra", "Teste-Xbits.Infra\Teste-Xbits.Infra.csproj", "{6532A12B-700C-4153-94B3-54698CCBF102}"
	ProjectSection(ProjectDependencies) = postProject
		{B2E10F9A-4B6E-4EC7-B465-F6C74E63147B} = {B2E10F9A-4B6E-4EC7-B465-F6C74E63147B}
	EndProjectSection
EndProject
Global
	GlobalSection(SolutionConfigurationPlatforms) = preSolution
		Debug|Any CPU = Debug|Any CPU
		Release|Any CPU = Release|Any CPU
	EndGlobalSection
	GlobalSection(ProjectConfigurationPlatforms) = postSolution
		{A5EEA5AF-C347-4043-AEE2-9BB72C07619E}.Debug|Any CPU.ActiveCfg = Debug|Any CPU
		{A5EEA5AF-C347-4043-AEE2-9BB72C07619E}.Debug|Any CPU.Build.0 = Debug|Any CPU
		{A5EEA5AF-C347-4043-AEE2-9BB72C07619E}.Release|Any CPU.ActiveCfg = Release|Any CPU
		{A5EEA5AF-C347-4043-AEE2-9BB72C07619E}.Release|Any CPU.Build.0 = Release|Any CPU
		{DFD19125-80BF-4986-B79C-07797174ECBF}.Debug|Any CPU.ActiveCfg = Debug|Any CPU
		{DFD19125-80BF-4986-B79C-07797174ECBF}.Debug|Any CPU.Build.0 = Debug|Any CPU
		{DFD19125-80BF-4986-B79C-07797174ECBF}.Release|Any CPU.ActiveCfg = Release|Any CPU
		{DFD19125-80BF-4986-B79C-07797174ECBF}.Release|Any CPU.Build.0 = Release|Any CPU
		{87B2E60F-F299-4A22-B5CD-DB92C464D72C}.Debug|Any CPU.ActiveCfg = Debug|Any CPU
		{87B2E60F-F299-4A22-B5CD-DB92C464D72C}.Debug|Any CPU.Build.0 = Debug|Any CPU
		{87B2E60F-F299-4A22-B5CD-DB92C464D72C}.Release|Any CPU.ActiveCfg = Release|Any CPU
		{87B2E60F-F299-4A22-B5CD-DB92C464D72C}.Release|Any CPU.Build.0 = Release|Any CPU
		{B2E10F9A-4B6E-4EC7-B465-F6C74E63147B}.Debug|Any CPU.ActiveCfg = Debug|Any CPU
		{B2E10F9A-4B6E-4EC7-B465-F6C74E63147B}.Debug|Any CPU.Build.0 = Debug|Any CPU
		{B2E10F9A-4B6E-4EC7-B465-F6C74E63147B}.Release|Any CPU.ActiveCfg = Release|Any CPU
		{B2E10F9A-4B6E-4EC7-B465-F6C74E63147B}.Release|Any CPU.Build.0 = Release|Any CPU
		{6532A12B-700C-4153-94B3-54698CCBF102}.Debug|Any CPU.ActiveCfg = Debug|Any CPU
		{6532A12B-700C-4153-94B3-54698CCBF102}.Debug|Any CPU.Build.0 = Debug|Any CPU
		{6532A12B-700C-4153-94B3-54698CCBF102}.Release|Any CPU.ActiveCfg = Release|Any CPU
		{6532A12B-700C-4153-94B3-54698CCBF102}.Release|Any CPU.Build.0 = Release|Any CPU
	EndGlobalSection
	GlobalSection(NestedProjects) = preSolution
		{A5EEA5AF-C347-4043-AEE2-9BB72C07619E} = {CD65E23B-5C15-4542-BE58-3BB91F724F14}
		{DFD19125-80BF-4986-B79C-07797174ECBF} = {7252EED8-F85E-48E5-A214-99C9A6EDD8A5}
		{87B2E60F-F299-4A22-B5CD-DB92C464D72C} = {7252EED8-F85E-48E5-A214-99C9A6EDD8A5}
		{B2E10F9A-4B6E-4EC7-B465-F6C74E63147B} = {7252EED8-F85E-48E5-A214-99C9A6EDD8A5}
		{6532A12B-700C-4153-94B3-54698CCBF102} = {7252EED8-F85E-48E5-A214-99C9A6EDD8A5}
	EndGlobalSection
EndGlobal
